
Microsoft Visual Studio Solution File, Format Version 12.00
# Visual Studio Version 17
VisualStudioVersion = 17.4.33213.308
MinimumVisualStudioVersion = 10.0.40219.1
Project("{FAE04EC0-301F-11D3-BF4B-00C04F79EFBC}") = "CSharp_WeatherAPI", "CSharp_WeatherAPI\CSharp_WeatherAPI.csproj", "{5157148A-8A18-4A82-89EB-5DA99D34190D}"
EndProject
Global
	GlobalSection(SolutionConfigurationPlatforms) = preSolution
		Debug|Any CPU = Debug|Any CPU
		Release|Any CPU = Release|Any CPU
	EndGlobalSection
	GlobalSection(ProjectConfigurationPlatforms) = postSolution
		{5157148A-8A18-4A82-89EB-5DA99D34190D}.Debug|Any CPU.ActiveCfg = Debug|Any CPU
		{5157148A-8A18-4A82-89EB-5DA99D34190D}.Debug|Any CPU.Build.0 = Debug|Any CPU
		{5157148A-8A18-4A82-89EB-5DA99D34190D}.Release|Any CPU.ActiveCfg = Release|Any CPU
		{5157148A-8A18-4A82-89EB-5DA99D34190D}.Release|Any CPU.Build.0 = Release|Any CPU
	EndGlobalSection
	GlobalSection(SolutionProperties) = preSolution
		HideSolutionNode = FALSE
	EndGlobalSection
	GlobalSection(ExtensibilityGlobals) = postSolution
		SolutionGuid = {6D7EA4BF-0281-4644-ABA7-7D6B76EC1ACD}
	EndGlobalSection
EndGlobal
